
Microsoft Visual Studio Solution File, Format Version 12.00
# Visual Studio 15
VisualStudioVersion = 15.0.26124.0
MinimumVisualStudioVersion = 15.0.26124.0
Project("{9A19103F-16F7-4668-BE54-9A1E7A4F7556}") = "Blitz.Rpc.Server", "src\Blitz.Rpc.Server\Blitz.Rpc.Server.csproj", "{4AE6EFAA-D2B4-4434-B676-A9FCCDDA3518}"
EndProject
Project("{9A19103F-16F7-4668-BE54-9A1E7A4F7556}") = "Blitz.Rpc.Client", "src\Blitz.Rpc.Client\Blitz.Rpc.Client.csproj", "{1B04FEEB-C36B-4D30-B9CF-638463AE81D6}"
EndProject
Project("{9A19103F-16F7-4668-BE54-9A1E7A4F7556}") = "Blitz.Rpc.Shared", "src\Blitz.Rpc.Shared\Blitz.Rpc.Shared.csproj", "{23C5B93A-8559-49B7-AEAD-652CA6E6EFC5}"
EndProject
Project("{2150E333-8FDC-42A3-9474-1A3956D46DE8}") = "Test", "Test", "{0B0F0C92-348E-489D-844A-E3EB1A34013D}"
EndProject
Project("{9A19103F-16F7-4668-BE54-9A1E7A4F7556}") = "Test.Client", "Test.Client\Test.Client.csproj", "{1112E23C-E922-4165-A2E6-8BB085FBCEDB}"
EndProject
Project("{9A19103F-16F7-4668-BE54-9A1E7A4F7556}") = "Blitz.Rpc.HttpHelper", "src\Blitz.Rpc.HttpHelper\Blitz.Rpc.HttpHelper.csproj", "{546A6E96-2EA4-4D93-893E-55F5338CC760}"
EndProject
Global
	GlobalSection(SolutionConfigurationPlatforms) = preSolution
		Debug|Any CPU = Debug|Any CPU
		Debug|x64 = Debug|x64
		Debug|x86 = Debug|x86
		Release|Any CPU = Release|Any CPU
		Release|x64 = Release|x64
		Release|x86 = Release|x86
	EndGlobalSection
	GlobalSection(ProjectConfigurationPlatforms) = postSolution
		{4AE6EFAA-D2B4-4434-B676-A9FCCDDA3518}.Debug|Any CPU.ActiveCfg = Debug|Any CPU
		{4AE6EFAA-D2B4-4434-B676-A9FCCDDA3518}.Debug|Any CPU.Build.0 = Debug|Any CPU
		{4AE6EFAA-D2B4-4434-B676-A9FCCDDA3518}.Debug|x64.ActiveCfg = Debug|Any CPU
		{4AE6EFAA-D2B4-4434-B676-A9FCCDDA3518}.Debug|x64.Build.0 = Debug|Any CPU
		{4AE6EFAA-D2B4-4434-B676-A9FCCDDA3518}.Debug|x86.ActiveCfg = Debug|Any CPU
		{4AE6EFAA-D2B4-4434-B676-A9FCCDDA3518}.Debug|x86.Build.0 = Debug|Any CPU
		{4AE6EFAA-D2B4-4434-B676-A9FCCDDA3518}.Release|Any CPU.ActiveCfg = Release|Any CPU
		{4AE6EFAA-D2B4-4434-B676-A9FCCDDA3518}.Release|Any CPU.Build.0 = Release|Any CPU
		{4AE6EFAA-D2B4-4434-B676-A9FCCDDA3518}.Release|x64.ActiveCfg = Release|Any CPU
		{4AE6EFAA-D2B4-4434-B676-A9FCCDDA3518}.Release|x64.Build.0 = Release|Any CPU
		{4AE6EFAA-D2B4-4434-B676-A9FCCDDA3518}.Release|x86.ActiveCfg = Release|Any CPU
		{4AE6EFAA-D2B4-4434-B676-A9FCCDDA3518}.Release|x86.Build.0 = Release|Any CPU
		{1B04FEEB-C36B-4D30-B9CF-638463AE81D6}.Debug|Any CPU.ActiveCfg = Debug|Any CPU
		{1B04FEEB-C36B-4D30-B9CF-638463AE81D6}.Debug|Any CPU.Build.0 = Debug|Any CPU
		{1B04FEEB-C36B-4D30-B9CF-638463AE81D6}.Debug|x64.ActiveCfg = Debug|Any CPU
		{1B04FEEB-C36B-4D30-B9CF-638463AE81D6}.Debug|x64.Build.0 = Debug|Any CPU
		{1B04FEEB-C36B-4D30-B9CF-638463AE81D6}.Debug|x86.ActiveCfg = Debug|Any CPU
		{1B04FEEB-C36B-4D30-B9CF-638463AE81D6}.Debug|x86.Build.0 = Debug|Any CPU
		{1B04FEEB-C36B-4D30-B9CF-638463AE81D6}.Release|Any CPU.ActiveCfg = Release|Any CPU
		{1B04FEEB-C36B-4D30-B9CF-638463AE81D6}.Release|Any CPU.Build.0 = Release|Any CPU
		{1B04FEEB-C36B-4D30-B9CF-638463AE81D6}.Release|x64.ActiveCfg = Release|Any CPU
		{1B04FEEB-C36B-4D30-B9CF-638463AE81D6}.Release|x64.Build.0 = Release|Any CPU
		{1B04FEEB-C36B-4D30-B9CF-638463AE81D6}.Release|x86.ActiveCfg = Release|Any CPU
		{1B04FEEB-C36B-4D30-B9CF-638463AE81D6}.Release|x86.Build.0 = Release|Any CPU
		{23C5B93A-8559-49B7-AEAD-652CA6E6EFC5}.Debug|Any CPU.ActiveCfg = Debug|Any CPU
		{23C5B93A-8559-49B7-AEAD-652CA6E6EFC5}.Debug|Any CPU.Build.0 = Debug|Any CPU
		{23C5B93A-8559-49B7-AEAD-652CA6E6EFC5}.Debug|x64.ActiveCfg = Debug|Any CPU
		{23C5B93A-8559-49B7-AEAD-652CA6E6EFC5}.Debug|x64.Build.0 = Debug|Any CPU
		{23C5B93A-8559-49B7-AEAD-652CA6E6EFC5}.Debug|x86.ActiveCfg = Debug|Any CPU
		{23C5B93A-8559-49B7-AEAD-652CA6E6EFC5}.Debug|x86.Build.0 = Debug|Any CPU
		{23C5B93A-8559-49B7-AEAD-652CA6E6EFC5}.Release|Any CPU.ActiveCfg = Release|Any CPU
		{23C5B93A-8559-49B7-AEAD-652CA6E6EFC5}.Release|Any CPU.Build.0 = Release|Any CPU
		{23C5B93A-8559-49B7-AEAD-652CA6E6EFC5}.Release|x64.ActiveCfg = Release|Any CPU
		{23C5B93A-8559-49B7-AEAD-652CA6E6EFC5}.Release|x64.Build.0 = Release|Any CPU
		{23C5B93A-8559-49B7-AEAD-652CA6E6EFC5}.Release|x86.ActiveCfg = Release|Any CPU
		{23C5B93A-8559-49B7-AEAD-652CA6E6EFC5}.Release|x86.Build.0 = Release|Any CPU
		{1112E23C-E922-4165-A2E6-8BB085FBCEDB}.Debug|Any CPU.ActiveCfg = Debug|Any CPU
		{1112E23C-E922-4165-A2E6-8BB085FBCEDB}.Debug|Any CPU.Build.0 = Debug|Any CPU
		{1112E23C-E922-4165-A2E6-8BB085FBCEDB}.Debug|x64.ActiveCfg = Debug|Any CPU
		{1112E23C-E922-4165-A2E6-8BB085FBCEDB}.Debug|x64.Build.0 = Debug|Any CPU
		{1112E23C-E922-4165-A2E6-8BB085FBCEDB}.Debug|x86.ActiveCfg = Debug|Any CPU
		{1112E23C-E922-4165-A2E6-8BB085FBCEDB}.Debug|x86.Build.0 = Debug|Any CPU
		{1112E23C-E922-4165-A2E6-8BB085FBCEDB}.Release|Any CPU.ActiveCfg = Release|Any CPU
		{1112E23C-E922-4165-A2E6-8BB085FBCEDB}.Release|Any CPU.Build.0 = Release|Any CPU
		{1112E23C-E922-4165-A2E6-8BB085FBCEDB}.Release|x64.ActiveCfg = Release|Any CPU
		{1112E23C-E922-4165-A2E6-8BB085FBCEDB}.Release|x64.Build.0 = Release|Any CPU
		{1112E23C-E922-4165-A2E6-8BB085FBCEDB}.Release|x86.ActiveCfg = Release|Any CPU
		{1112E23C-E922-4165-A2E6-8BB085FBCEDB}.Release|x86.Build.0 = Release|Any CPU
		{546A6E96-2EA4-4D93-893E-55F5338CC760}.Debug|Any CPU.ActiveCfg = Debug|Any CPU
		{546A6E96-2EA4-4D93-893E-55F5338CC760}.Debug|Any CPU.Build.0 = Debug|Any CPU
		{546A6E96-2EA4-4D93-893E-55F5338CC760}.Debug|x64.ActiveCfg = Debug|Any CPU
		{546A6E96-2EA4-4D93-893E-55F5338CC760}.Debug|x64.Build.0 = Debug|Any CPU
		{546A6E96-2EA4-4D93-893E-55F5338CC760}.Debug|x86.ActiveCfg = Debug|Any CPU
		{546A6E96-2EA4-4D93-893E-55F5338CC760}.Debug|x86.Build.0 = Debug|Any CPU
		{546A6E96-2EA4-4D93-893E-55F5338CC760}.Release|Any CPU.ActiveCfg = Release|Any CPU
		{546A6E96-2EA4-4D93-893E-55F5338CC760}.Release|Any CPU.Build.0 = Release|Any CPU
		{546A6E96-2EA4-4D93-893E-55F5338CC760}.Release|x64.ActiveCfg = Release|Any CPU
		{546A6E96-2EA4-4D93-893E-55F5338CC760}.Release|x64.Build.0 = Release|Any CPU
		{546A6E96-2EA4-4D93-893E-55F5338CC760}.Release|x86.ActiveCfg = Release|Any CPU
		{546A6E96-2EA4-4D93-893E-55F5338CC760}.Release|x86.Build.0 = Release|Any CPU
	EndGlobalSection
	GlobalSection(SolutionProperties) = preSolution
		HideSolutionNode = FALSE
	EndGlobalSection
	GlobalSection(NestedProjects) = preSolution
		{1112E23C-E922-4165-A2E6-8BB085FBCEDB} = {0B0F0C92-348E-489D-844A-E3EB1A34013D}
	EndGlobalSection
	GlobalSection(ExtensibilityGlobals) = postSolution
		SolutionGuid = {3BE7F0FF-88D6-4DA7-9B31-4E1E2A60BAEB}
	EndGlobalSection
EndGlobal
