
Microsoft Visual Studio Solution File, Format Version 12.00
# Visual Studio 15
VisualStudioVersion = 15.0.26124.0
MinimumVisualStudioVersion = 15.0.26124.0
Project("{FAE04EC0-301F-11D3-BF4B-00C04F79EFBC}") = "Blitz.Rpc.Server", "src\Blitz.Rpc.Server\Blitz.Rpc.Server.csproj", "{4AE6EFAA-D2B4-4434-B676-A9FCCDDA3518}"
EndProject
Project("{FAE04EC0-301F-11D3-BF4B-00C04F79EFBC}") = "Blitz.Rpc.Client", "src\Blitz.Rpc.Client\Blitz.Rpc.Client.csproj", "{1B04FEEB-C36B-4D30-B9CF-638463AE81D6}"
EndProject
Project("{FAE04EC0-301F-11D3-BF4B-00C04F79EFBC}") = "Blitz.Rpc.ServiceCollection.Extension", "src\Blitz.Rpc.ServiceCollection.Extension\Blitz.Rpc.ServiceCollection.Extension.csproj", "{5ACCCB06-4BD3-4BB0-A4BB-09335A380729}"
EndProject
Global
	GlobalSection(SolutionConfigurationPlatforms) = preSolution
		Debug|Any CPU = Debug|Any CPU
		Debug|x64 = Debug|x64
		Debug|x86 = Debug|x86
		Release|Any CPU = Release|Any CPU
		Release|x64 = Release|x64
		Release|x86 = Release|x86
	EndGlobalSection
	GlobalSection(ProjectConfigurationPlatforms) = postSolution
		{4AE6EFAA-D2B4-4434-B676-A9FCCDDA3518}.Debug|Any CPU.ActiveCfg = Debug|Any CPU
		{4AE6EFAA-D2B4-4434-B676-A9FCCDDA3518}.Debug|Any CPU.Build.0 = Debug|Any CPU
		{4AE6EFAA-D2B4-4434-B676-A9FCCDDA3518}.Debug|x64.ActiveCfg = Debug|Any CPU
		{4AE6EFAA-D2B4-4434-B676-A9FCCDDA3518}.Debug|x64.Build.0 = Debug|Any CPU
		{4AE6EFAA-D2B4-4434-B676-A9FCCDDA3518}.Debug|x86.ActiveCfg = Debug|Any CPU
		{4AE6EFAA-D2B4-4434-B676-A9FCCDDA3518}.Debug|x86.Build.0 = Debug|Any CPU
		{4AE6EFAA-D2B4-4434-B676-A9FCCDDA3518}.Release|Any CPU.ActiveCfg = Release|Any CPU
		{4AE6EFAA-D2B4-4434-B676-A9FCCDDA3518}.Release|Any CPU.Build.0 = Release|Any CPU
		{4AE6EFAA-D2B4-4434-B676-A9FCCDDA3518}.Release|x64.ActiveCfg = Release|Any CPU
		{4AE6EFAA-D2B4-4434-B676-A9FCCDDA3518}.Release|x64.Build.0 = Release|Any CPU
		{4AE6EFAA-D2B4-4434-B676-A9FCCDDA3518}.Release|x86.ActiveCfg = Release|Any CPU
		{4AE6EFAA-D2B4-4434-B676-A9FCCDDA3518}.Release|x86.Build.0 = Release|Any CPU
		{1B04FEEB-C36B-4D30-B9CF-638463AE81D6}.Debug|Any CPU.ActiveCfg = Debug|Any CPU
		{1B04FEEB-C36B-4D30-B9CF-638463AE81D6}.Debug|Any CPU.Build.0 = Debug|Any CPU
		{1B04FEEB-C36B-4D30-B9CF-638463AE81D6}.Debug|x64.ActiveCfg = Debug|Any CPU
		{1B04FEEB-C36B-4D30-B9CF-638463AE81D6}.Debug|x64.Build.0 = Debug|Any CPU
		{1B04FEEB-C36B-4D30-B9CF-638463AE81D6}.Debug|x86.ActiveCfg = Debug|Any CPU
		{1B04FEEB-C36B-4D30-B9CF-638463AE81D6}.Debug|x86.Build.0 = Debug|Any CPU
		{1B04FEEB-C36B-4D30-B9CF-638463AE81D6}.Release|Any CPU.ActiveCfg = Release|Any CPU
		{1B04FEEB-C36B-4D30-B9CF-638463AE81D6}.Release|Any CPU.Build.0 = Release|Any CPU
		{1B04FEEB-C36B-4D30-B9CF-638463AE81D6}.Release|x64.ActiveCfg = Release|Any CPU
		{1B04FEEB-C36B-4D30-B9CF-638463AE81D6}.Release|x64.Build.0 = Release|Any CPU
		{1B04FEEB-C36B-4D30-B9CF-638463AE81D6}.Release|x86.ActiveCfg = Release|Any CPU
		{1B04FEEB-C36B-4D30-B9CF-638463AE81D6}.Release|x86.Build.0 = Release|Any CPU
		{5ACCCB06-4BD3-4BB0-A4BB-09335A380729}.Debug|Any CPU.ActiveCfg = Debug|Any CPU
		{5ACCCB06-4BD3-4BB0-A4BB-09335A380729}.Debug|Any CPU.Build.0 = Debug|Any CPU
		{5ACCCB06-4BD3-4BB0-A4BB-09335A380729}.Debug|x64.ActiveCfg = Debug|Any CPU
		{5ACCCB06-4BD3-4BB0-A4BB-09335A380729}.Debug|x64.Build.0 = Debug|Any CPU
		{5ACCCB06-4BD3-4BB0-A4BB-09335A380729}.Debug|x86.ActiveCfg = Debug|Any CPU
		{5ACCCB06-4BD3-4BB0-A4BB-09335A380729}.Debug|x86.Build.0 = Debug|Any CPU
		{5ACCCB06-4BD3-4BB0-A4BB-09335A380729}.Release|Any CPU.ActiveCfg = Release|Any CPU
		{5ACCCB06-4BD3-4BB0-A4BB-09335A380729}.Release|Any CPU.Build.0 = Release|Any CPU
		{5ACCCB06-4BD3-4BB0-A4BB-09335A380729}.Release|x64.ActiveCfg = Release|Any CPU
		{5ACCCB06-4BD3-4BB0-A4BB-09335A380729}.Release|x64.Build.0 = Release|Any CPU
		{5ACCCB06-4BD3-4BB0-A4BB-09335A380729}.Release|x86.ActiveCfg = Release|Any CPU
		{5ACCCB06-4BD3-4BB0-A4BB-09335A380729}.Release|x86.Build.0 = Release|Any CPU
	EndGlobalSection
	GlobalSection(SolutionProperties) = preSolution
		HideSolutionNode = FALSE
	EndGlobalSection
	GlobalSection(ExtensibilityGlobals) = postSolution
		SolutionGuid = {3BE7F0FF-88D6-4DA7-9B31-4E1E2A60BAEB}
	EndGlobalSection
EndGlobal
